// !$*UTF8*$!
{
	archiveVersion = 1;
	classes = {
	};
	objectVersion = 50;
	objects = {

/* Begin PBXBuildFile section */
		090AA21422B105DA00266632 /* AppDelegate.swift in Sources */ = {isa = PBXBuildFile; fileRef = 090AA21322B105DA00266632 /* AppDelegate.swift */; };
		090AA21622B105DA00266632 /* ViewController.swift in Sources */ = {isa = PBXBuildFile; fileRef = 090AA21522B105DA00266632 /* ViewController.swift */; };
		090AA21922B105DA00266632 /* Main.storyboard in Resources */ = {isa = PBXBuildFile; fileRef = 090AA21722B105DA00266632 /* Main.storyboard */; };
		090AA21C22B105DA00266632 /* ListOfYourDream.xcdatamodeld in Sources */ = {isa = PBXBuildFile; fileRef = 090AA21A22B105DA00266632 /* ListOfYourDream.xcdatamodeld */; };
		090AA21E22B105DA00266632 /* Assets.xcassets in Resources */ = {isa = PBXBuildFile; fileRef = 090AA21D22B105DA00266632 /* Assets.xcassets */; };
		090AA22122B105DA00266632 /* LaunchScreen.storyboard in Resources */ = {isa = PBXBuildFile; fileRef = 090AA21F22B105DA00266632 /* LaunchScreen.storyboard */; };
		090AA23022B10C6B00266632 /* Item+CoreDataClass.swift in Sources */ = {isa = PBXBuildFile; fileRef = 090AA22822B10C6B00266632 /* Item+CoreDataClass.swift */; };
		090AA23122B10C6B00266632 /* Item+CoreDataProperties.swift in Sources */ = {isa = PBXBuildFile; fileRef = 090AA22922B10C6B00266632 /* Item+CoreDataProperties.swift */; };
		090AA23222B10C6B00266632 /* Image+CoreDataClass.swift in Sources */ = {isa = PBXBuildFile; fileRef = 090AA22A22B10C6B00266632 /* Image+CoreDataClass.swift */; };
		090AA23322B10C6B00266632 /* Image+CoreDataProperties.swift in Sources */ = {isa = PBXBuildFile; fileRef = 090AA22B22B10C6B00266632 /* Image+CoreDataProperties.swift */; };
		090AA23422B10C6B00266632 /* Store+CoreDataClass.swift in Sources */ = {isa = PBXBuildFile; fileRef = 090AA22C22B10C6B00266632 /* Store+CoreDataClass.swift */; };
		090AA23522B10C6B00266632 /* Store+CoreDataProperties.swift in Sources */ = {isa = PBXBuildFile; fileRef = 090AA22D22B10C6B00266632 /* Store+CoreDataProperties.swift */; };
		090AA23622B10C6B00266632 /* ItemType+CoreDataClass.swift in Sources */ = {isa = PBXBuildFile; fileRef = 090AA22E22B10C6B00266632 /* ItemType+CoreDataClass.swift */; };
		090AA23722B10C6B00266632 /* ItemType+CoreDataProperties.swift in Sources */ = {isa = PBXBuildFile; fileRef = 090AA22F22B10C6B00266632 /* ItemType+CoreDataProperties.swift */; };
/* End PBXBuildFile section */

/* Begin PBXFileReference section */
		090AA21022B105DA00266632 /* ListOfYourDream.app */ = {isa = PBXFileReference; explicitFileType = wrapper.application; includeInIndex = 0; path = ListOfYourDream.app; sourceTree = BUILT_PRODUCTS_DIR; };
		090AA21322B105DA00266632 /* AppDelegate.swift */ = {isa = PBXFileReference; lastKnownFileType = sourcecode.swift; path = AppDelegate.swift; sourceTree = "<group>"; };
		090AA21522B105DA00266632 /* ViewController.swift */ = {isa = PBXFileReference; lastKnownFileType = sourcecode.swift; path = ViewController.swift; sourceTree = "<group>"; };
		090AA21822B105DA00266632 /* Base */ = {isa = PBXFileReference; lastKnownFileType = file.storyboard; name = Base; path = Base.lproj/Main.storyboard; sourceTree = "<group>"; };
		090AA21B22B105DA00266632 /* ListOfYourDream.xcdatamodel */ = {isa = PBXFileReference; lastKnownFileType = wrapper.xcdatamodel; path = ListOfYourDream.xcdatamodel; sourceTree = "<group>"; };
		090AA21D22B105DA00266632 /* Assets.xcassets */ = {isa = PBXFileReference; lastKnownFileType = folder.assetcatalog; path = Assets.xcassets; sourceTree = "<group>"; };
		090AA22022B105DA00266632 /* Base */ = {isa = PBXFileReference; lastKnownFileType = file.storyboard; name = Base; path = Base.lproj/LaunchScreen.storyboard; sourceTree = "<group>"; };
		090AA22222B105DA00266632 /* Info.plist */ = {isa = PBXFileReference; lastKnownFileType = text.plist.xml; path = Info.plist; sourceTree = "<group>"; };
		090AA22822B10C6B00266632 /* Item+CoreDataClass.swift */ = {isa = PBXFileReference; lastKnownFileType = sourcecode.swift; path = "Item+CoreDataClass.swift"; sourceTree = "<group>"; };
		090AA22922B10C6B00266632 /* Item+CoreDataProperties.swift */ = {isa = PBXFileReference; lastKnownFileType = sourcecode.swift; path = "Item+CoreDataProperties.swift"; sourceTree = "<group>"; };
		090AA22A22B10C6B00266632 /* Image+CoreDataClass.swift */ = {isa = PBXFileReference; lastKnownFileType = sourcecode.swift; path = "Image+CoreDataClass.swift"; sourceTree = "<group>"; };
		090AA22B22B10C6B00266632 /* Image+CoreDataProperties.swift */ = {isa = PBXFileReference; lastKnownFileType = sourcecode.swift; path = "Image+CoreDataProperties.swift"; sourceTree = "<group>"; };
		090AA22C22B10C6B00266632 /* Store+CoreDataClass.swift */ = {isa = PBXFileReference; lastKnownFileType = sourcecode.swift; path = "Store+CoreDataClass.swift"; sourceTree = "<group>"; };
		090AA22D22B10C6B00266632 /* Store+CoreDataProperties.swift */ = {isa = PBXFileReference; lastKnownFileType = sourcecode.swift; path = "Store+CoreDataProperties.swift"; sourceTree = "<group>"; };
		090AA22E22B10C6B00266632 /* ItemType+CoreDataClass.swift */ = {isa = PBXFileReference; lastKnownFileType = sourcecode.swift; path = "ItemType+CoreDataClass.swift"; sourceTree = "<group>"; };
		090AA22F22B10C6B00266632 /* ItemType+CoreDataProperties.swift */ = {isa = PBXFileReference; lastKnownFileType = sourcecode.swift; path = "ItemType+CoreDataProperties.swift"; sourceTree = "<group>"; };
/* End PBXFileReference section */

/* Begin PBXFrameworksBuildPhase section */
		090AA20D22B105DA00266632 /* Frameworks */ = {
			isa = PBXFrameworksBuildPhase;
			buildActionMask = 2147483647;
			files = (
			);
			runOnlyForDeploymentPostprocessing = 0;
		};
/* End PBXFrameworksBuildPhase section */

/* Begin PBXGroup section */
		090AA20722B105DA00266632 = {
			isa = PBXGroup;
			children = (
				090AA21222B105DA00266632 /* ListOfYourDream */,
				090AA21122B105DA00266632 /* Products */,
			);
			sourceTree = "<group>";
		};
		090AA21122B105DA00266632 /* Products */ = {
			isa = PBXGroup;
			children = (
				090AA21022B105DA00266632 /* ListOfYourDream.app */,
			);
			name = Products;
			sourceTree = "<group>";
		};
		090AA21222B105DA00266632 /* ListOfYourDream */ = {
			isa = PBXGroup;
			children = (
				090AA23822B10C9800266632 /* Model */,
				090AA21322B105DA00266632 /* AppDelegate.swift */,
				090AA21522B105DA00266632 /* ViewController.swift */,
				090AA21722B105DA00266632 /* Main.storyboard */,
				090AA21D22B105DA00266632 /* Assets.xcassets */,
				090AA21F22B105DA00266632 /* LaunchScreen.storyboard */,
				090AA22222B105DA00266632 /* Info.plist */,
				090AA21A22B105DA00266632 /* ListOfYourDream.xcdatamodeld */,
			);
			path = ListOfYourDream;
			sourceTree = "<group>";
		};
		090AA23822B10C9800266632 /* Model */ = {
			isa = PBXGroup;
			children = (
				090AA22822B10C6B00266632 /* Item+CoreDataClass.swift */,
				090AA22A22B10C6B00266632 /* Image+CoreDataClass.swift */,
				090AA22C22B10C6B00266632 /* Store+CoreDataClass.swift */,
				090AA22E22B10C6B00266632 /* ItemType+CoreDataClass.swift */,
				090AA23922B10CAF00266632 /* Generated */,
			);
			path = Model;
			sourceTree = "<group>";
		};
		090AA23922B10CAF00266632 /* Generated */ = {
			isa = PBXGroup;
			children = (
				090AA22922B10C6B00266632 /* Item+CoreDataProperties.swift */,
				090AA22B22B10C6B00266632 /* Image+CoreDataProperties.swift */,
				090AA22D22B10C6B00266632 /* Store+CoreDataProperties.swift */,
				090AA22F22B10C6B00266632 /* ItemType+CoreDataProperties.swift */,
			);
			path = Generated;
			sourceTree = "<group>";
		};
/* End PBXGroup section */

/* Begin PBXNativeTarget section */
		090AA20F22B105DA00266632 /* ListOfYourDream */ = {
			isa = PBXNativeTarget;
			buildConfigurationList = 090AA22522B105DA00266632 /* Build configuration list for PBXNativeTarget "ListOfYourDream" */;
			buildPhases = (
				090AA20C22B105DA00266632 /* Sources */,
				090AA20D22B105DA00266632 /* Frameworks */,
				090AA20E22B105DA00266632 /* Resources */,
			);
			buildRules = (
			);
			dependencies = (
			);
			name = ListOfYourDream;
			productName = ListOfYourDream;
			productReference = 090AA21022B105DA00266632 /* ListOfYourDream.app */;
			productType = "com.apple.product-type.application";
		};
/* End PBXNativeTarget section */

/* Begin PBXProject section */
		090AA20822B105DA00266632 /* Project object */ = {
			isa = PBXProject;
			attributes = {
				LastSwiftUpdateCheck = 1010;
				LastUpgradeCheck = 1010;
				ORGANIZATIONNAME = "vagelis spirou";
				TargetAttributes = {
					090AA20F22B105DA00266632 = {
						CreatedOnToolsVersion = 10.1;
					};
				};
			};
			buildConfigurationList = 090AA20B22B105DA00266632 /* Build configuration list for PBXProject "ListOfYourDream" */;
			compatibilityVersion = "Xcode 9.3";
			developmentRegion = en;
			hasScannedForEncodings = 0;
			knownRegions = (
				en,
				Base,
			);
			mainGroup = 090AA20722B105DA00266632;
			productRefGroup = 090AA21122B105DA00266632 /* Products */;
			projectDirPath = "";
			projectRoot = "";
			targets = (
				090AA20F22B105DA00266632 /* ListOfYourDream */,
			);
		};
/* End PBXProject section */

/* Begin PBXResourcesBuildPhase section */
		090AA20E22B105DA00266632 /* Resources */ = {
			isa = PBXResourcesBuildPhase;
			buildActionMask = 2147483647;
			files = (
				090AA22122B105DA00266632 /* LaunchScreen.storyboard in Resources */,
				090AA21E22B105DA00266632 /* Assets.xcassets in Resources */,
				090AA21922B105DA00266632 /* Main.storyboard in Resources */,
			);
			runOnlyForDeploymentPostprocessing = 0;
		};
/* End PBXResourcesBuildPhase section */

/* Begin PBXSourcesBuildPhase section */
		090AA20C22B105DA00266632 /* Sources */ = {
			isa = PBXSourcesBuildPhase;
			buildActionMask = 2147483647;
			files = (
				090AA21622B105DA00266632 /* ViewController.swift in Sources */,
				090AA21422B105DA00266632 /* AppDelegate.swift in Sources */,
				090AA23622B10C6B00266632 /* ItemType+CoreDataClass.swift in Sources */,
				090AA23022B10C6B00266632 /* Item+CoreDataClass.swift in Sources */,
				090AA23222B10C6B00266632 /* Image+CoreDataClass.swift in Sources */,
				090AA23522B10C6B00266632 /* Store+CoreDataProperties.swift in Sources */,
				090AA21C22B105DA00266632 /* ListOfYourDream.xcdatamodeld in Sources */,
				090AA23722B10C6B00266632 /* ItemType+CoreDataProperties.swift in Sources */,
				090AA23422B10C6B00266632 /* Store+CoreDataClass.swift in Sources */,
				090AA23122B10C6B00266632 /* Item+CoreDataProperties.swift in Sources */,
				090AA23322B10C6B00266632 /* Image+CoreDataProperties.swift in Sources */,
			);
			runOnlyForDeploymentPostprocessing = 0;
		};
/* End PBXSourcesBuildPhase section */

/* Begin PBXVariantGroup section */
		090AA21722B105DA00266632 /* Main.storyboard */ = {
			isa = PBXVariantGroup;
			children = (
				090AA21822B105DA00266632 /* Base */,
			);
			name = Main.storyboard;
			sourceTree = "<group>";
		};
		090AA21F22B105DA00266632 /* LaunchScreen.storyboard */ = {
			isa = PBXVariantGroup;
			children = (
				090AA22022B105DA00266632 /* Base */,
			);
			name = LaunchScreen.storyboard;
			sourceTree = "<group>";
		};
/* End PBXVariantGroup section */

/* Begin XCBuildConfiguration section */
		090AA22322B105DA00266632 /* Debug */ = {
			isa = XCBuildConfiguration;
			buildSettings = {
				ALWAYS_SEARCH_USER_PATHS = NO;
				CLANG_ANALYZER_NONNULL = YES;
				CLANG_ANALYZER_NUMBER_OBJECT_CONVERSION = YES_AGGRESSIVE;
				CLANG_CXX_LANGUAGE_STANDARD = "gnu++14";
				CLANG_CXX_LIBRARY = "libc++";
				CLANG_ENABLE_MODULES = YES;
				CLANG_ENABLE_OBJC_ARC = YES;
				CLANG_ENABLE_OBJC_WEAK = YES;
				CLANG_WARN_BLOCK_CAPTURE_AUTORELEASING = YES;
				CLANG_WARN_BOOL_CONVERSION = YES;
				CLANG_WARN_COMMA = YES;
				CLANG_WARN_CONSTANT_CONVERSION = YES;
				CLANG_WARN_DEPRECATED_OBJC_IMPLEMENTATIONS = YES;
				CLANG_WARN_DIRECT_OBJC_ISA_USAGE = YES_ERROR;
				CLANG_WARN_DOCUMENTATION_COMMENTS = YES;
				CLANG_WARN_EMPTY_BODY = YES;
				CLANG_WARN_ENUM_CONVERSION = YES;
				CLANG_WARN_INFINITE_RECURSION = YES;
				CLANG_WARN_INT_CONVERSION = YES;
				CLANG_WARN_NON_LITERAL_NULL_CONVERSION = YES;
				CLANG_WARN_OBJC_IMPLICIT_RETAIN_SELF = YES;
				CLANG_WARN_OBJC_LITERAL_CONVERSION = YES;
				CLANG_WARN_OBJC_ROOT_CLASS = YES_ERROR;
				CLANG_WARN_RANGE_LOOP_ANALYSIS = YES;
				CLANG_WARN_STRICT_PROTOTYPES = YES;
				CLANG_WARN_SUSPICIOUS_MOVE = YES;
				CLANG_WARN_UNGUARDED_AVAILABILITY = YES_AGGRESSIVE;
				CLANG_WARN_UNREACHABLE_CODE = YES;
				CLANG_WARN__DUPLICATE_METHOD_MATCH = YES;
				CODE_SIGN_IDENTITY = "iPhone Developer";
				COPY_PHASE_STRIP = NO;
				DEBUG_INFORMATION_FORMAT = dwarf;
				ENABLE_STRICT_OBJC_MSGSEND = YES;
				ENABLE_TESTABILITY = YES;
				GCC_C_LANGUAGE_STANDARD = gnu11;
				GCC_DYNAMIC_NO_PIC = NO;
				GCC_NO_COMMON_BLOCKS = YES;
				GCC_OPTIMIZATION_LEVEL = 0;
				GCC_PREPROCESSOR_DEFINITIONS = (
					"DEBUG=1",
					"$(inherited)",
				);
				GCC_WARN_64_TO_32_BIT_CONVERSION = YES;
				GCC_WARN_ABOUT_RETURN_TYPE = YES_ERROR;
				GCC_WARN_UNDECLARED_SELECTOR = YES;
				GCC_WARN_UNINITIALIZED_AUTOS = YES_AGGRESSIVE;
				GCC_WARN_UNUSED_FUNCTION = YES;
				GCC_WARN_UNUSED_VARIABLE = YES;
				IPHONEOS_DEPLOYMENT_TARGET = 12.1;
				MTL_ENABLE_DEBUG_INFO = INCLUDE_SOURCE;
				MTL_FAST_MATH = YES;
				ONLY_ACTIVE_ARCH = YES;
				SDKROOT = iphoneos;
				SWIFT_ACTIVE_COMPILATION_CONDITIONS = DEBUG;
				SWIFT_OPTIMIZATION_LEVEL = "-Onone";
			};
			name = Debug;
		};
		090AA22422B105DA00266632 /* Release */ = {
			isa = XCBuildConfiguration;
			buildSettings = {
				ALWAYS_SEARCH_USER_PATHS = NO;
				CLANG_ANALYZER_NONNULL = YES;
				CLANG_ANALYZER_NUMBER_OBJECT_CONVERSION = YES_AGGRESSIVE;
				CLANG_CXX_LANGUAGE_STANDARD = "gnu++14";
				CLANG_CXX_LIBRARY = "libc++";
				CLANG_ENABLE_MODULES = YES;
				CLANG_ENABLE_OBJC_ARC = YES;
				CLANG_ENABLE_OBJC_WEAK = YES;
				CLANG_WARN_BLOCK_CAPTURE_AUTORELEASING = YES;
				CLANG_WARN_BOOL_CONVERSION = YES;
				CLANG_WARN_COMMA = YES;
				CLANG_WARN_CONSTANT_CONVERSION = YES;
				CLANG_WARN_DEPRECATED_OBJC_IMPLEMENTATIONS = YES;
				CLANG_WARN_DIRECT_OBJC_ISA_USAGE = YES_ERROR;
				CLANG_WARN_DOCUMENTATION_COMMENTS = YES;
				CLANG_WARN_EMPTY_BODY = YES;
				CLANG_WARN_ENUM_CONVERSION = YES;
				CLANG_WARN_INFINITE_RECURSION = YES;
				CLANG_WARN_INT_CONVERSION = YES;
				CLANG_WARN_NON_LITERAL_NULL_CONVERSION = YES;
				CLANG_WARN_OBJC_IMPLICIT_RETAIN_SELF = YES;
				CLANG_WARN_OBJC_LITERAL_CONVERSION = YES;
				CLANG_WARN_OBJC_ROOT_CLASS = YES_ERROR;
				CLANG_WARN_RANGE_LOOP_ANALYSIS = YES;
				CLANG_WARN_STRICT_PROTOTYPES = YES;
				CLANG_WARN_SUSPICIOUS_MOVE = YES;
				CLANG_WARN_UNGUARDED_AVAILABILITY = YES_AGGRESSIVE;
				CLANG_WARN_UNREACHABLE_CODE = YES;
				CLANG_WARN__DUPLICATE_METHOD_MATCH = YES;
				CODE_SIGN_IDENTITY = "iPhone Developer";
				COPY_PHASE_STRIP = NO;
				DEBUG_INFORMATION_FORMAT = "dwarf-with-dsym";
				ENABLE_NS_ASSERTIONS = NO;
				ENABLE_STRICT_OBJC_MSGSEND = YES;
				GCC_C_LANGUAGE_STANDARD = gnu11;
				GCC_NO_COMMON_BLOCKS = YES;
				GCC_WARN_64_TO_32_BIT_CONVERSION = YES;
				GCC_WARN_ABOUT_RETURN_TYPE = YES_ERROR;
				GCC_WARN_UNDECLARED_SELECTOR = YES;
				GCC_WARN_UNINITIALIZED_AUTOS = YES_AGGRESSIVE;
				GCC_WARN_UNUSED_FUNCTION = YES;
				GCC_WARN_UNUSED_VARIABLE = YES;
				IPHONEOS_DEPLOYMENT_TARGET = 12.1;
				MTL_ENABLE_DEBUG_INFO = NO;
				MTL_FAST_MATH = YES;
				SDKROOT = iphoneos;
				SWIFT_COMPILATION_MODE = wholemodule;
				SWIFT_OPTIMIZATION_LEVEL = "-O";
				VALIDATE_PRODUCT = YES;
			};
			name = Release;
		};
		090AA22622B105DA00266632 /* Debug */ = {
			isa = XCBuildConfiguration;
			buildSettings = {
				ASSETCATALOG_COMPILER_APPICON_NAME = AppIcon;
				CODE_SIGN_STYLE = Automatic;
				DEVELOPMENT_TEAM = YUSLD5D7Z6;
				INFOPLIST_FILE = ListOfYourDream/Info.plist;
				LD_RUNPATH_SEARCH_PATHS = (
					"$(inherited)",
					"@executable_path/Frameworks",
				);
				PRODUCT_BUNDLE_IDENTIFIER = com.spvag.ListOfYourDream;
				PRODUCT_NAME = "$(TARGET_NAME)";
				SWIFT_VERSION = 4.2;
				TARGETED_DEVICE_FAMILY = "1,2";
			};
			name = Debug;
		};
		090AA22722B105DA00266632 /* Release */ = {
			isa = XCBuildConfiguration;
			buildSettings = {
				ASSETCATALOG_COMPILER_APPICON_NAME = AppIcon;
				CODE_SIGN_STYLE = Automatic;
				DEVELOPMENT_TEAM = YUSLD5D7Z6;
				INFOPLIST_FILE = ListOfYourDream/Info.plist;
				LD_RUNPATH_SEARCH_PATHS = (
					"$(inherited)",
					"@executable_path/Frameworks",
				);
				PRODUCT_BUNDLE_IDENTIFIER = com.spvag.ListOfYourDream;
				PRODUCT_NAME = "$(TARGET_NAME)";
				SWIFT_VERSION = 4.2;
				TARGETED_DEVICE_FAMILY = "1,2";
			};
			name = Release;
		};
/* End XCBuildConfiguration section */

/* Begin XCConfigurationList section */
		090AA20B22B105DA00266632 /* Build configuration list for PBXProject "ListOfYourDream" */ = {
			isa = XCConfigurationList;
			buildConfigurations = (
				090AA22322B105DA00266632 /* Debug */,
				090AA22422B105DA00266632 /* Release */,
			);
			defaultConfigurationIsVisible = 0;
			defaultConfigurationName = Release;
		};
		090AA22522B105DA00266632 /* Build configuration list for PBXNativeTarget "ListOfYourDream" */ = {
			isa = XCConfigurationList;
			buildConfigurations = (
				090AA22622B105DA00266632 /* Debug */,
				090AA22722B105DA00266632 /* Release */,
			);
			defaultConfigurationIsVisible = 0;
			defaultConfigurationName = Release;
		};
/* End XCConfigurationList section */

/* Begin XCVersionGroup section */
		090AA21A22B105DA00266632 /* ListOfYourDream.xcdatamodeld */ = {
			isa = XCVersionGroup;
			children = (
				090AA21B22B105DA00266632 /* ListOfYourDream.xcdatamodel */,
			);
			currentVersion = 090AA21B22B105DA00266632 /* ListOfYourDream.xcdatamodel */;
			path = ListOfYourDream.xcdatamodeld;
			sourceTree = "<group>";
			versionGroupType = wrapper.xcdatamodel;
		};
/* End XCVersionGroup section */
	};
	rootObject = 090AA20822B105DA00266632 /* Project object */;
}
